
Microsoft Visual Studio Solution File, Format Version 12.00
# Visual Studio Version 16
VisualStudioVersion = 16.0.31112.23
MinimumVisualStudioVersion = 10.0.40219.1
Project("{FAE04EC0-301F-11D3-BF4B-00C04F79EFBC}") = "Computer_Graphics_lab1", "Computer_Graphics_lab1\Computer_Graphics_lab1.csproj", "{BE884D91-E8F1-45EB-8104-AA5D84FC92BA}"
EndProject
Global
	GlobalSection(SolutionConfigurationPlatforms) = preSolution
		Debug|Any CPU = Debug|Any CPU
		Release|Any CPU = Release|Any CPU
	EndGlobalSection
	GlobalSection(ProjectConfigurationPlatforms) = postSolution
		{BE884D91-E8F1-45EB-8104-AA5D84FC92BA}.Debug|Any CPU.ActiveCfg = Debug|Any CPU
		{BE884D91-E8F1-45EB-8104-AA5D84FC92BA}.Debug|Any CPU.Build.0 = Debug|Any CPU
		{BE884D91-E8F1-45EB-8104-AA5D84FC92BA}.Release|Any CPU.ActiveCfg = Release|Any CPU
		{BE884D91-E8F1-45EB-8104-AA5D84FC92BA}.Release|Any CPU.Build.0 = Release|Any CPU
	EndGlobalSection
	GlobalSection(SolutionProperties) = preSolution
		HideSolutionNode = FALSE
	EndGlobalSection
	GlobalSection(ExtensibilityGlobals) = postSolution
		SolutionGuid = {D36AFD95-7C07-48FA-8797-EF7284228238}
	EndGlobalSection
EndGlobal
